
Microsoft Visual Studio Solution File, Format Version 12.00
# Visual Studio Version 17
VisualStudioVersion = 17.7.34031.279
MinimumVisualStudioVersion = 10.0.40219.1
Project("{FAE04EC0-301F-11D3-BF4B-00C04F79EFBC}") = "Monitoring", "DataBase5\Monitoring.csproj", "{FB017A32-7EC7-4BD5-B8E0-481D4DF626D8}"
EndProject
Global
	GlobalSection(SolutionConfigurationPlatforms) = preSolution
		Debug|Any CPU = Debug|Any CPU
		Release|Any CPU = Release|Any CPU
	EndGlobalSection
	GlobalSection(ProjectConfigurationPlatforms) = postSolution
		{FB017A32-7EC7-4BD5-B8E0-481D4DF626D8}.Debug|Any CPU.ActiveCfg = Debug|Any CPU
		{FB017A32-7EC7-4BD5-B8E0-481D4DF626D8}.Debug|Any CPU.Build.0 = Debug|Any CPU
		{FB017A32-7EC7-4BD5-B8E0-481D4DF626D8}.Release|Any CPU.ActiveCfg = Release|Any CPU
		{FB017A32-7EC7-4BD5-B8E0-481D4DF626D8}.Release|Any CPU.Build.0 = Release|Any CPU
	EndGlobalSection
	GlobalSection(SolutionProperties) = preSolution
		HideSolutionNode = FALSE
	EndGlobalSection
	GlobalSection(ExtensibilityGlobals) = postSolution
		SolutionGuid = {1376B4A4-CE6B-46C6-B2B0-07A250D5E4EC}
	EndGlobalSection
EndGlobal
